// !$*UTF8*$!
{
	archiveVersion = 1;
	classes = {
	};
	objectVersion = 46;
	objects = {

/* Begin PBXBuildFile section */
		712D2EFF79D144A49E9D8755 /* libPods.a in Frameworks */ = {isa = PBXBuildFile; fileRef = C7F3A716FF234A058F30C733 /* libPods.a */; };
		AB2F1CFA1913078800226F06 /* Foundation.framework in Frameworks */ = {isa = PBXBuildFile; fileRef = AB2F1CF91913078800226F06 /* Foundation.framework */; };
		AB2F1CFC1913078800226F06 /* CoreGraphics.framework in Frameworks */ = {isa = PBXBuildFile; fileRef = AB2F1CFB1913078800226F06 /* CoreGraphics.framework */; };
		AB2F1CFE1913078800226F06 /* UIKit.framework in Frameworks */ = {isa = PBXBuildFile; fileRef = AB2F1CFD1913078800226F06 /* UIKit.framework */; };
		AB2F1D041913078800226F06 /* InfoPlist.strings in Resources */ = {isa = PBXBuildFile; fileRef = AB2F1D021913078800226F06 /* InfoPlist.strings */; };
		AB2F1D061913078800226F06 /* main.m in Sources */ = {isa = PBXBuildFile; fileRef = AB2F1D051913078800226F06 /* main.m */; };
		AB2F1D0A1913078800226F06 /* AppDelegate.m in Sources */ = {isa = PBXBuildFile; fileRef = AB2F1D091913078800226F06 /* AppDelegate.m */; };
		AB2F1D0D1913078800226F06 /* Main.storyboard in Resources */ = {isa = PBXBuildFile; fileRef = AB2F1D0B1913078800226F06 /* Main.storyboard */; };
		AB2F1D101913078800226F06 /* ViewController.m in Sources */ = {isa = PBXBuildFile; fileRef = AB2F1D0F1913078800226F06 /* ViewController.m */; };
		AB2F1D121913078800226F06 /* Images.xcassets in Resources */ = {isa = PBXBuildFile; fileRef = AB2F1D111913078800226F06 /* Images.xcassets */; };
		AB2F1D191913078800226F06 /* XCTest.framework in Frameworks */ = {isa = PBXBuildFile; fileRef = AB2F1D181913078800226F06 /* XCTest.framework */; };
		AB2F1D1A1913078800226F06 /* Foundation.framework in Frameworks */ = {isa = PBXBuildFile; fileRef = AB2F1CF91913078800226F06 /* Foundation.framework */; };
		AB2F1D1B1913078800226F06 /* UIKit.framework in Frameworks */ = {isa = PBXBuildFile; fileRef = AB2F1CFD1913078800226F06 /* UIKit.framework */; };
		AB2F1D231913078800226F06 /* InfoPlist.strings in Resources */ = {isa = PBXBuildFile; fileRef = AB2F1D211913078800226F06 /* InfoPlist.strings */; };
		AB2F1D251913078800226F06 /* teslaapitestTests.m in Sources */ = {isa = PBXBuildFile; fileRef = AB2F1D241913078800226F06 /* teslaapitestTests.m */; };
		ABD331FA1914DB4D006299CC /* TeslaApi.m in Sources */ = {isa = PBXBuildFile; fileRef = ABD331F91914DB4D006299CC /* TeslaApi.m */; };
/* End PBXBuildFile section */

/* Begin PBXContainerItemProxy section */
		AB2F1D1C1913078800226F06 /* PBXContainerItemProxy */ = {
			isa = PBXContainerItemProxy;
			containerPortal = AB2F1CEE1913078800226F06 /* Project object */;
			proxyType = 1;
			remoteGlobalIDString = AB2F1CF51913078800226F06;
			remoteInfo = teslaapitest;
		};
/* End PBXContainerItemProxy section */

/* Begin PBXFileReference section */
		142447332A9741B7B68C1D0E /* Pods.xcconfig */ = {isa = PBXFileReference; includeInIndex = 1; lastKnownFileType = text.xcconfig; name = Pods.xcconfig; path = Pods/Pods.xcconfig; sourceTree = "<group>"; };
		AB2F1CF61913078800226F06 /* teslaapitest.app */ = {isa = PBXFileReference; explicitFileType = wrapper.application; includeInIndex = 0; path = teslaapitest.app; sourceTree = BUILT_PRODUCTS_DIR; };
		AB2F1CF91913078800226F06 /* Foundation.framework */ = {isa = PBXFileReference; lastKnownFileType = wrapper.framework; name = Foundation.framework; path = System/Library/Frameworks/Foundation.framework; sourceTree = SDKROOT; };
		AB2F1CFB1913078800226F06 /* CoreGraphics.framework */ = {isa = PBXFileReference; lastKnownFileType = wrapper.framework; name = CoreGraphics.framework; path = System/Library/Frameworks/CoreGraphics.framework; sourceTree = SDKROOT; };
		AB2F1CFD1913078800226F06 /* UIKit.framework */ = {isa = PBXFileReference; lastKnownFileType = wrapper.framework; name = UIKit.framework; path = System/Library/Frameworks/UIKit.framework; sourceTree = SDKROOT; };
		AB2F1D011913078800226F06 /* teslaapitest-Info.plist */ = {isa = PBXFileReference; lastKnownFileType = text.plist.xml; path = "teslaapitest-Info.plist"; sourceTree = "<group>"; };
		AB2F1D031913078800226F06 /* en */ = {isa = PBXFileReference; lastKnownFileType = text.plist.strings; name = en; path = en.lproj/InfoPlist.strings; sourceTree = "<group>"; };
		AB2F1D051913078800226F06 /* main.m */ = {isa = PBXFileReference; lastKnownFileType = sourcecode.c.objc; path = main.m; sourceTree = "<group>"; };
		AB2F1D071913078800226F06 /* teslaapitest-Prefix.pch */ = {isa = PBXFileReference; lastKnownFileType = sourcecode.c.h; path = "teslaapitest-Prefix.pch"; sourceTree = "<group>"; };
		AB2F1D081913078800226F06 /* AppDelegate.h */ = {isa = PBXFileReference; lastKnownFileType = sourcecode.c.h; path = AppDelegate.h; sourceTree = "<group>"; };
		AB2F1D091913078800226F06 /* AppDelegate.m */ = {isa = PBXFileReference; lastKnownFileType = sourcecode.c.objc; path = AppDelegate.m; sourceTree = "<group>"; };
		AB2F1D0C1913078800226F06 /* Base */ = {isa = PBXFileReference; lastKnownFileType = file.storyboard; name = Base; path = Base.lproj/Main.storyboard; sourceTree = "<group>"; };
		AB2F1D0E1913078800226F06 /* ViewController.h */ = {isa = PBXFileReference; lastKnownFileType = sourcecode.c.h; path = ViewController.h; sourceTree = "<group>"; };
		AB2F1D0F1913078800226F06 /* ViewController.m */ = {isa = PBXFileReference; lastKnownFileType = sourcecode.c.objc; path = ViewController.m; sourceTree = "<group>"; };
		AB2F1D111913078800226F06 /* Images.xcassets */ = {isa = PBXFileReference; lastKnownFileType = folder.assetcatalog; path = Images.xcassets; sourceTree = "<group>"; };
		AB2F1D171913078800226F06 /* teslaapitestTests.xctest */ = {isa = PBXFileReference; explicitFileType = wrapper.cfbundle; includeInIndex = 0; path = teslaapitestTests.xctest; sourceTree = BUILT_PRODUCTS_DIR; };
		AB2F1D181913078800226F06 /* XCTest.framework */ = {isa = PBXFileReference; lastKnownFileType = wrapper.framework; name = XCTest.framework; path = Library/Frameworks/XCTest.framework; sourceTree = DEVELOPER_DIR; };
		AB2F1D201913078800226F06 /* teslaapitestTests-Info.plist */ = {isa = PBXFileReference; lastKnownFileType = text.plist.xml; path = "teslaapitestTests-Info.plist"; sourceTree = "<group>"; };
		AB2F1D221913078800226F06 /* en */ = {isa = PBXFileReference; lastKnownFileType = text.plist.strings; name = en; path = en.lproj/InfoPlist.strings; sourceTree = "<group>"; };
		AB2F1D241913078800226F06 /* teslaapitestTests.m */ = {isa = PBXFileReference; lastKnownFileType = sourcecode.c.objc; path = teslaapitestTests.m; sourceTree = "<group>"; };
		ABD331F81914DB4D006299CC /* TeslaApi.h */ = {isa = PBXFileReference; fileEncoding = 4; lastKnownFileType = sourcecode.c.h; path = TeslaApi.h; sourceTree = "<group>"; };
		ABD331F91914DB4D006299CC /* TeslaApi.m */ = {isa = PBXFileReference; fileEncoding = 4; lastKnownFileType = sourcecode.c.objc; path = TeslaApi.m; sourceTree = "<group>"; };
		C7F3A716FF234A058F30C733 /* libPods.a */ = {isa = PBXFileReference; explicitFileType = archive.ar; includeInIndex = 0; path = libPods.a; sourceTree = BUILT_PRODUCTS_DIR; };
/* End PBXFileReference section */

/* Begin PBXFrameworksBuildPhase section */
		AB2F1CF31913078800226F06 /* Frameworks */ = {
			isa = PBXFrameworksBuildPhase;
			buildActionMask = 2147483647;
			files = (
				AB2F1CFC1913078800226F06 /* CoreGraphics.framework in Frameworks */,
				AB2F1CFE1913078800226F06 /* UIKit.framework in Frameworks */,
				AB2F1CFA1913078800226F06 /* Foundation.framework in Frameworks */,
				712D2EFF79D144A49E9D8755 /* libPods.a in Frameworks */,
			);
			runOnlyForDeploymentPostprocessing = 0;
		};
		AB2F1D141913078800226F06 /* Frameworks */ = {
			isa = PBXFrameworksBuildPhase;
			buildActionMask = 2147483647;
			files = (
				AB2F1D191913078800226F06 /* XCTest.framework in Frameworks */,
				AB2F1D1B1913078800226F06 /* UIKit.framework in Frameworks */,
				AB2F1D1A1913078800226F06 /* Foundation.framework in Frameworks */,
			);
			runOnlyForDeploymentPostprocessing = 0;
		};
/* End PBXFrameworksBuildPhase section */

/* Begin PBXGroup section */
		AB2F1CED1913078800226F06 = {
			isa = PBXGroup;
			children = (
				AB2F1CFF1913078800226F06 /* teslaapitest */,
				AB2F1D1E1913078800226F06 /* teslaapitestTests */,
				AB2F1CF81913078800226F06 /* Frameworks */,
				AB2F1CF71913078800226F06 /* Products */,
				142447332A9741B7B68C1D0E /* Pods.xcconfig */,
			);
			sourceTree = "<group>";
		};
		AB2F1CF71913078800226F06 /* Products */ = {
			isa = PBXGroup;
			children = (
				AB2F1CF61913078800226F06 /* teslaapitest.app */,
				AB2F1D171913078800226F06 /* teslaapitestTests.xctest */,
			);
			name = Products;
			sourceTree = "<group>";
		};
		AB2F1CF81913078800226F06 /* Frameworks */ = {
			isa = PBXGroup;
			children = (
				AB2F1CF91913078800226F06 /* Foundation.framework */,
				AB2F1CFB1913078800226F06 /* CoreGraphics.framework */,
				AB2F1CFD1913078800226F06 /* UIKit.framework */,
				AB2F1D181913078800226F06 /* XCTest.framework */,
				C7F3A716FF234A058F30C733 /* libPods.a */,
			);
			name = Frameworks;
			sourceTree = "<group>";
		};
		AB2F1CFF1913078800226F06 /* teslaapitest */ = {
			isa = PBXGroup;
			children = (
				ABD331F71914DB23006299CC /* classes */,
				AB2F1D081913078800226F06 /* AppDelegate.h */,
				AB2F1D091913078800226F06 /* AppDelegate.m */,
				AB2F1D0B1913078800226F06 /* Main.storyboard */,
				AB2F1D0E1913078800226F06 /* ViewController.h */,
				AB2F1D0F1913078800226F06 /* ViewController.m */,
				AB2F1D111913078800226F06 /* Images.xcassets */,
				AB2F1D001913078800226F06 /* Supporting Files */,
			);
			path = teslaapitest;
			sourceTree = "<group>";
		};
		AB2F1D001913078800226F06 /* Supporting Files */ = {
			isa = PBXGroup;
			children = (
				AB2F1D011913078800226F06 /* teslaapitest-Info.plist */,
				AB2F1D021913078800226F06 /* InfoPlist.strings */,
				AB2F1D051913078800226F06 /* main.m */,
				AB2F1D071913078800226F06 /* teslaapitest-Prefix.pch */,
			);
			name = "Supporting Files";
			sourceTree = "<group>";
		};
		AB2F1D1E1913078800226F06 /* teslaapitestTests */ = {
			isa = PBXGroup;
			children = (
				AB2F1D241913078800226F06 /* teslaapitestTests.m */,
				AB2F1D1F1913078800226F06 /* Supporting Files */,
			);
			path = teslaapitestTests;
			sourceTree = "<group>";
		};
		AB2F1D1F1913078800226F06 /* Supporting Files */ = {
			isa = PBXGroup;
			children = (
				AB2F1D201913078800226F06 /* teslaapitestTests-Info.plist */,
				AB2F1D211913078800226F06 /* InfoPlist.strings */,
			);
			name = "Supporting Files";
			sourceTree = "<group>";
		};
		ABD331F71914DB23006299CC /* classes */ = {
			isa = PBXGroup;
			children = (
				ABD331F81914DB4D006299CC /* TeslaApi.h */,
				ABD331F91914DB4D006299CC /* TeslaApi.m */,
			);
			name = classes;
			sourceTree = "<group>";
		};
/* End PBXGroup section */

/* Begin PBXNativeTarget section */
		AB2F1CF51913078800226F06 /* teslaapitest */ = {
			isa = PBXNativeTarget;
			buildConfigurationList = AB2F1D281913078800226F06 /* Build configuration list for PBXNativeTarget "teslaapitest" */;
			buildPhases = (
				7799DFCCC29C4CBB93DC1CD4 /* Check Pods Manifest.lock */,
				AB2F1CF21913078800226F06 /* Sources */,
				AB2F1CF31913078800226F06 /* Frameworks */,
				AB2F1CF41913078800226F06 /* Resources */,
				20018906A0324306AF1A8A77 /* Copy Pods Resources */,
			);
			buildRules = (
			);
			dependencies = (
			);
			name = teslaapitest;
			productName = teslaapitest;
			productReference = AB2F1CF61913078800226F06 /* teslaapitest.app */;
			productType = "com.apple.product-type.application";
		};
		AB2F1D161913078800226F06 /* teslaapitestTests */ = {
			isa = PBXNativeTarget;
			buildConfigurationList = AB2F1D2B1913078800226F06 /* Build configuration list for PBXNativeTarget "teslaapitestTests" */;
			buildPhases = (
				AB2F1D131913078800226F06 /* Sources */,
				AB2F1D141913078800226F06 /* Frameworks */,
				AB2F1D151913078800226F06 /* Resources */,
			);
			buildRules = (
			);
			dependencies = (
				AB2F1D1D1913078800226F06 /* PBXTargetDependency */,
			);
			name = teslaapitestTests;
			productName = teslaapitestTests;
			productReference = AB2F1D171913078800226F06 /* teslaapitestTests.xctest */;
			productType = "com.apple.product-type.bundle.unit-test";
		};
/* End PBXNativeTarget section */

/* Begin PBXProject section */
		AB2F1CEE1913078800226F06 /* Project object */ = {
			isa = PBXProject;
			attributes = {
				LastUpgradeCheck = 0510;
				ORGANIZATIONNAME = "Idynomite Media";
				TargetAttributes = {
					AB2F1CF51913078800226F06 = {
						DevelopmentTeam = 8M4RN34F55;
					};
					AB2F1D161913078800226F06 = {
						TestTargetID = AB2F1CF51913078800226F06;
					};
				};
			};
			buildConfigurationList = AB2F1CF11913078800226F06 /* Build configuration list for PBXProject "teslaapitest" */;
			compatibilityVersion = "Xcode 3.2";
			developmentRegion = English;
			hasScannedForEncodings = 0;
			knownRegions = (
				en,
				Base,
			);
			mainGroup = AB2F1CED1913078800226F06;
			productRefGroup = AB2F1CF71913078800226F06 /* Products */;
			projectDirPath = "";
			projectRoot = "";
			targets = (
				AB2F1CF51913078800226F06 /* teslaapitest */,
				AB2F1D161913078800226F06 /* teslaapitestTests */,
			);
		};
/* End PBXProject section */

/* Begin PBXResourcesBuildPhase section */
		AB2F1CF41913078800226F06 /* Resources */ = {
			isa = PBXResourcesBuildPhase;
			buildActionMask = 2147483647;
			files = (
				AB2F1D121913078800226F06 /* Images.xcassets in Resources */,
				AB2F1D041913078800226F06 /* InfoPlist.strings in Resources */,
				AB2F1D0D1913078800226F06 /* Main.storyboard in Resources */,
			);
			runOnlyForDeploymentPostprocessing = 0;
		};
		AB2F1D151913078800226F06 /* Resources */ = {
			isa = PBXResourcesBuildPhase;
			buildActionMask = 2147483647;
			files = (
				AB2F1D231913078800226F06 /* InfoPlist.strings in Resources */,
			);
			runOnlyForDeploymentPostprocessing = 0;
		};
/* End PBXResourcesBuildPhase section */

/* Begin PBXShellScriptBuildPhase section */
		20018906A0324306AF1A8A77 /* Copy Pods Resources */ = {
			isa = PBXShellScriptBuildPhase;
			buildActionMask = 2147483647;
			files = (
			);
			inputPaths = (
			);
			name = "Copy Pods Resources";
			outputPaths = (
			);
			runOnlyForDeploymentPostprocessing = 0;
			shellPath = /bin/sh;
			shellScript = "\"${SRCROOT}/Pods/Pods-resources.sh\"\n";
			showEnvVarsInLog = 0;
		};
		7799DFCCC29C4CBB93DC1CD4 /* Check Pods Manifest.lock */ = {
			isa = PBXShellScriptBuildPhase;
			buildActionMask = 2147483647;
			files = (
			);
			inputPaths = (
			);
			name = "Check Pods Manifest.lock";
			outputPaths = (
			);
			runOnlyForDeploymentPostprocessing = 0;
			shellPath = /bin/sh;
			shellScript = "diff \"${PODS_ROOT}/../Podfile.lock\" \"${PODS_ROOT}/Manifest.lock\" > /dev/null\nif [[ $? != 0 ]] ; then\n    cat << EOM\nerror: The sandbox is not in sync with the Podfile.lock. Run 'pod install' or update your CocoaPods installation.\nEOM\n    exit 1\nfi\n";
			showEnvVarsInLog = 0;
		};
/* End PBXShellScriptBuildPhase section */

/* Begin PBXSourcesBuildPhase section */
		AB2F1CF21913078800226F06 /* Sources */ = {
			isa = PBXSourcesBuildPhase;
			buildActionMask = 2147483647;
			files = (
				ABD331FA1914DB4D006299CC /* TeslaApi.m in Sources */,
				AB2F1D101913078800226F06 /* ViewController.m in Sources */,
				AB2F1D0A1913078800226F06 /* AppDelegate.m in Sources */,
				AB2F1D061913078800226F06 /* main.m in Sources */,
			);
			runOnlyForDeploymentPostprocessing = 0;
		};
		AB2F1D131913078800226F06 /* Sources */ = {
			isa = PBXSourcesBuildPhase;
			buildActionMask = 2147483647;
			files = (
				AB2F1D251913078800226F06 /* teslaapitestTests.m in Sources */,
			);
			runOnlyForDeploymentPostprocessing = 0;
		};
/* End PBXSourcesBuildPhase section */

/* Begin PBXTargetDependency section */
		AB2F1D1D1913078800226F06 /* PBXTargetDependency */ = {
			isa = PBXTargetDependency;
			target = AB2F1CF51913078800226F06 /* teslaapitest */;
			targetProxy = AB2F1D1C1913078800226F06 /* PBXContainerItemProxy */;
		};
/* End PBXTargetDependency section */

/* Begin PBXVariantGroup section */
		AB2F1D021913078800226F06 /* InfoPlist.strings */ = {
			isa = PBXVariantGroup;
			children = (
				AB2F1D031913078800226F06 /* en */,
			);
			name = InfoPlist.strings;
			sourceTree = "<group>";
		};
		AB2F1D0B1913078800226F06 /* Main.storyboard */ = {
			isa = PBXVariantGroup;
			children = (
				AB2F1D0C1913078800226F06 /* Base */,
			);
			name = Main.storyboard;
			sourceTree = "<group>";
		};
		AB2F1D211913078800226F06 /* InfoPlist.strings */ = {
			isa = PBXVariantGroup;
			children = (
				AB2F1D221913078800226F06 /* en */,
			);
			name = InfoPlist.strings;
			sourceTree = "<group>";
		};
/* End PBXVariantGroup section */

/* Begin XCBuildConfiguration section */
		AB2F1D261913078800226F06 /* Debug */ = {
			isa = XCBuildConfiguration;
			buildSettings = {
				ALWAYS_SEARCH_USER_PATHS = NO;
				CLANG_CXX_LANGUAGE_STANDARD = "gnu++0x";
				CLANG_CXX_LIBRARY = "libc++";
				CLANG_ENABLE_MODULES = YES;
				CLANG_ENABLE_OBJC_ARC = YES;
				CLANG_WARN_BOOL_CONVERSION = YES;
				CLANG_WARN_CONSTANT_CONVERSION = YES;
				CLANG_WARN_DIRECT_OBJC_ISA_USAGE = YES_ERROR;
				CLANG_WARN_EMPTY_BODY = YES;
				CLANG_WARN_ENUM_CONVERSION = YES;
				CLANG_WARN_INT_CONVERSION = YES;
				CLANG_WARN_OBJC_ROOT_CLASS = YES_ERROR;
				CLANG_WARN__DUPLICATE_METHOD_MATCH = YES;
				"CODE_SIGN_IDENTITY[sdk=iphoneos*]" = "iPhone Developer";
				COPY_PHASE_STRIP = NO;
				GCC_C_LANGUAGE_STANDARD = gnu99;
				GCC_DYNAMIC_NO_PIC = NO;
				GCC_OPTIMIZATION_LEVEL = 0;
				GCC_PREPROCESSOR_DEFINITIONS = (
					"DEBUG=1",
					"$(inherited)",
				);
				GCC_SYMBOLS_PRIVATE_EXTERN = NO;
				GCC_WARN_64_TO_32_BIT_CONVERSION = YES;
				GCC_WARN_ABOUT_RETURN_TYPE = YES_ERROR;
				GCC_WARN_UNDECLARED_SELECTOR = YES;
				GCC_WARN_UNINITIALIZED_AUTOS = YES_AGGRESSIVE;
				GCC_WARN_UNUSED_FUNCTION = YES;
				GCC_WARN_UNUSED_VARIABLE = YES;
				IPHONEOS_DEPLOYMENT_TARGET = 7.1;
				ONLY_ACTIVE_ARCH = YES;
				SDKROOT = iphoneos;
			};
			name = Debug;
		};
		AB2F1D271913078800226F06 /* Release */ = {
			isa = XCBuildConfiguration;
			buildSettings = {
				ALWAYS_SEARCH_USER_PATHS = NO;
				CLANG_CXX_LANGUAGE_STANDARD = "gnu++0x";
				CLANG_CXX_LIBRARY = "libc++";
				CLANG_ENABLE_MODULES = YES;
				CLANG_ENABLE_OBJC_ARC = YES;
				CLANG_WARN_BOOL_CONVERSION = YES;
				CLANG_WARN_CONSTANT_CONVERSION = YES;
				CLANG_WARN_DIRECT_OBJC_ISA_USAGE = YES_ERROR;
				CLANG_WARN_EMPTY_BODY = YES;
				CLANG_WARN_ENUM_CONVERSION = YES;
				CLANG_WARN_INT_CONVERSION = YES;
				CLANG_WARN_OBJC_ROOT_CLASS = YES_ERROR;
				CLANG_WARN__DUPLICATE_METHOD_MATCH = YES;
				"CODE_SIGN_IDENTITY[sdk=iphoneos*]" = "iPhone Developer";
				COPY_PHASE_STRIP = YES;
				ENABLE_NS_ASSERTIONS = NO;
				GCC_C_LANGUAGE_STANDARD = gnu99;
				GCC_WARN_64_TO_32_BIT_CONVERSION = YES;
				GCC_WARN_ABOUT_RETURN_TYPE = YES_ERROR;
				GCC_WARN_UNDECLARED_SELECTOR = YES;
				GCC_WARN_UNINITIALIZED_AUTOS = YES_AGGRESSIVE;
				GCC_WARN_UNUSED_FUNCTION = YES;
				GCC_WARN_UNUSED_VARIABLE = YES;
				IPHONEOS_DEPLOYMENT_TARGET = 7.1;
				SDKROOT = iphoneos;
				VALIDATE_PRODUCT = YES;
			};
			name = Release;
		};
		AB2F1D291913078800226F06 /* Debug */ = {
			isa = XCBuildConfiguration;
			baseConfigurationReference = 142447332A9741B7B68C1D0E /* Pods.xcconfig */;
			buildSettings = {
				ASSETCATALOG_COMPILER_APPICON_NAME = AppIcon;
				ASSETCATALOG_COMPILER_LAUNCHIMAGE_NAME = LaunchImage;
				CODE_SIGN_IDENTITY = "iPhone Developer";
				"CODE_SIGN_IDENTITY[sdk=iphoneos*]" = "iPhone Developer";
				GCC_PRECOMPILE_PREFIX_HEADER = YES;
				GCC_PREFIX_HEADER = "teslaapitest/teslaapitest-Prefix.pch";
				INFOPLIST_FILE = "teslaapitest/teslaapitest-Info.plist";
				PRODUCT_NAME = "$(TARGET_NAME)";
				PROVISIONING_PROFILE = "";
				WRAPPER_EXTENSION = app;
			};
			name = Debug;
		};
		AB2F1D2A1913078800226F06 /* Release */ = {
			isa = XCBuildConfiguration;
			baseConfigurationReference = 142447332A9741B7B68C1D0E /* Pods.xcconfig */;
			buildSettings = {
				ASSETCATALOG_COMPILER_APPICON_NAME = AppIcon;
				ASSETCATALOG_COMPILER_LAUNCHIMAGE_NAME = LaunchImage;
				CODE_SIGN_IDENTITY = "iPhone Developer";
				"CODE_SIGN_IDENTITY[sdk=iphoneos*]" = "iPhone Developer";
				GCC_PRECOMPILE_PREFIX_HEADER = YES;
				GCC_PREFIX_HEADER = "teslaapitest/teslaapitest-Prefix.pch";
				INFOPLIST_FILE = "teslaapitest/teslaapitest-Info.plist";
				PRODUCT_NAME = "$(TARGET_NAME)";
				PROVISIONING_PROFILE = "";
				WRAPPER_EXTENSION = app;
			};
			name = Release;
		};
		AB2F1D2C1913078800226F06 /* Debug */ = {
			isa = XCBuildConfiguration;
			buildSettings = {
				BUNDLE_LOADER = "$(BUILT_PRODUCTS_DIR)/teslaapitest.app/teslaapitest";
				FRAMEWORK_SEARCH_PATHS = (
					"$(SDKROOT)/Developer/Library/Frameworks",
					"$(inherited)",
					"$(DEVELOPER_FRAMEWORKS_DIR)",
				);
				GCC_PRECOMPILE_PREFIX_HEADER = YES;
				GCC_PREFIX_HEADER = "teslaapitest/teslaapitest-Prefix.pch";
				GCC_PREPROCESSOR_DEFINITIONS = (
					"DEBUG=1",
					"$(inherited)",
				);
				INFOPLIST_FILE = "teslaapitestTests/teslaapitestTests-Info.plist";
				PRODUCT_NAME = "$(TARGET_NAME)";
				TEST_HOST = "$(BUNDLE_LOADER)";
				WRAPPER_EXTENSION = xctest;
			};
			name = Debug;
		};
		AB2F1D2D1913078800226F06 /* Release */ = {
			isa = XCBuildConfiguration;
			buildSettings = {
				BUNDLE_LOADER = "$(BUILT_PRODUCTS_DIR)/teslaapitest.app/teslaapitest";
				FRAMEWORK_SEARCH_PATHS = (
					"$(SDKROOT)/Developer/Library/Frameworks",
					"$(inherited)",
					"$(DEVELOPER_FRAMEWORKS_DIR)",
				);
				GCC_PRECOMPILE_PREFIX_HEADER = YES;
				GCC_PREFIX_HEADER = "teslaapitest/teslaapitest-Prefix.pch";
				INFOPLIST_FILE = "teslaapitestTests/teslaapitestTests-Info.plist";
				PRODUCT_NAME = "$(TARGET_NAME)";
				TEST_HOST = "$(BUNDLE_LOADER)";
				WRAPPER_EXTENSION = xctest;
			};
			name = Release;
		};
/* End XCBuildConfiguration section */

/* Begin XCConfigurationList section */
		AB2F1CF11913078800226F06 /* Build configuration list for PBXProject "teslaapitest" */ = {
			isa = XCConfigurationList;
			buildConfigurations = (
				AB2F1D261913078800226F06 /* Debug */,
				AB2F1D271913078800226F06 /* Release */,
			);
			defaultConfigurationIsVisible = 0;
			defaultConfigurationName = Release;
		};
		AB2F1D281913078800226F06 /* Build configuration list for PBXNativeTarget "teslaapitest" */ = {
			isa = XCConfigurationList;
			buildConfigurations = (
				AB2F1D291913078800226F06 /* Debug */,
				AB2F1D2A1913078800226F06 /* Release */,
			);
			defaultConfigurationIsVisible = 0;
			defaultConfigurationName = Release;
		};
		AB2F1D2B1913078800226F06 /* Build configuration list for PBXNativeTarget "teslaapitestTests" */ = {
			isa = XCConfigurationList;
			buildConfigurations = (
				AB2F1D2C1913078800226F06 /* Debug */,
				AB2F1D2D1913078800226F06 /* Release */,
			);
			defaultConfigurationIsVisible = 0;
			defaultConfigurationName = Release;
		};
/* End XCConfigurationList section */
	};
	rootObject = AB2F1CEE1913078800226F06 /* Project object */;
}
